
Microsoft Visual Studio Solution File, Format Version 12.00
# Visual Studio Version 16
VisualStudioVersion = 16.0.29709.97
MinimumVisualStudioVersion = 10.0.40219.1
Project("{8BC9CEB8-8B4A-11D0-8D11-00A0C91BC942}") = "Pokemon Battle", "Pokemon Battle.vcxproj", "{57191E93-46A8-4FF6-B499-E9FB8E42982C}"
EndProject
Global
	GlobalSection(SolutionConfigurationPlatforms) = preSolution
		Debug|x64 = Debug|x64
		Debug|x86 = Debug|x86
		Release|x64 = Release|x64
		Release|x86 = Release|x86
	EndGlobalSection
	GlobalSection(ProjectConfigurationPlatforms) = postSolution
		{57191E93-46A8-4FF6-B499-E9FB8E42982C}.Debug|x64.ActiveCfg = Debug|x64
		{57191E93-46A8-4FF6-B499-E9FB8E42982C}.Debug|x64.Build.0 = Debug|x64
		{57191E93-46A8-4FF6-B499-E9FB8E42982C}.Debug|x86.ActiveCfg = Debug|Win32
		{57191E93-46A8-4FF6-B499-E9FB8E42982C}.Debug|x86.Build.0 = Debug|Win32
		{57191E93-46A8-4FF6-B499-E9FB8E42982C}.Release|x64.ActiveCfg = Release|x64
		{57191E93-46A8-4FF6-B499-E9FB8E42982C}.Release|x64.Build.0 = Release|x64
		{57191E93-46A8-4FF6-B499-E9FB8E42982C}.Release|x86.ActiveCfg = Release|Win32
		{57191E93-46A8-4FF6-B499-E9FB8E42982C}.Release|x86.Build.0 = Release|Win32
	EndGlobalSection
	GlobalSection(SolutionProperties) = preSolution
		HideSolutionNode = FALSE
	EndGlobalSection
	GlobalSection(ExtensibilityGlobals) = postSolution
		SolutionGuid = {260E2DE6-CB2A-48A0-9FE1-C67036915F37}
	EndGlobalSection
EndGlobal
